Microsoft Visual Studio Solution File, Format Version 12.00
# Visual Studio Version 17
VisualStudioVersion = 17.5.2.0
MinimumVisualStudioVersion = 10.0.40219.1
Project("{FAE04EC0-301F-11D3-BF4B-00C04F79EFBC}") = "ASDASDASD", "ASDASDASD.csproj", "{9023C1A8-A757-8ED9-9E3A-EC9592B912ED}"
EndProject
Global
	GlobalSection(SolutionConfigurationPlatforms) = preSolution
		Debug|Any CPU = Debug|Any CPU
		Release|Any CPU = Release|Any CPU
	EndGlobalSection
	GlobalSection(ProjectConfigurationPlatforms) = postSolution
		{9023C1A8-A757-8ED9-9E3A-EC9592B912ED}.Debug|Any CPU.ActiveCfg = Debug|Any CPU
		{9023C1A8-A757-8ED9-9E3A-EC9592B912ED}.Debug|Any CPU.Build.0 = Debug|Any CPU
		{9023C1A8-A757-8ED9-9E3A-EC9592B912ED}.Release|Any CPU.ActiveCfg = Release|Any CPU
		{9023C1A8-A757-8ED9-9E3A-EC9592B912ED}.Release|Any CPU.Build.0 = Release|Any CPU
	EndGlobalSection
	GlobalSection(SolutionProperties) = preSolution
		HideSolutionNode = FALSE
	EndGlobalSection
	GlobalSection(ExtensibilityGlobals) = postSolution
		SolutionGuid = {4EB7840E-E16E-47E1-9B46-C477A9AA13E1}
	EndGlobalSection
EndGlobal
